
Microsoft Visual Studio Solution File, Format Version 12.00
# Visual Studio Version 17
VisualStudioVersion = 17.1.32414.318
MinimumVisualStudioVersion = 10.0.40219.1
Project("{FAE04EC0-301F-11D3-BF4B-00C04F79EFBC}") = "Tic_Tac_Toe_OC_Kata", "Tic_Tac_Toe_OC_Kata\Tic_Tac_Toe_OC_Kata.csproj", "{136380A0-BD45-4D8A-8F86-CEFF7C29F6E2}"
EndProject
Project("{FAE04EC0-301F-11D3-BF4B-00C04F79EFBC}") = "Tic_Tac_Toe_OC_Kata_Tests", "Tic_Tac_Toe_OC_Kata_Tests\Tic_Tac_Toe_OC_Kata_Tests.csproj", "{F6E07892-F05E-45FC-8C70-46434709D268}"
EndProject
Global
	GlobalSection(SolutionConfigurationPlatforms) = preSolution
		Debug|Any CPU = Debug|Any CPU
		Release|Any CPU = Release|Any CPU
	EndGlobalSection
	GlobalSection(ProjectConfigurationPlatforms) = postSolution
		{136380A0-BD45-4D8A-8F86-CEFF7C29F6E2}.Debug|Any CPU.ActiveCfg = Debug|Any CPU
		{136380A0-BD45-4D8A-8F86-CEFF7C29F6E2}.Debug|Any CPU.Build.0 = Debug|Any CPU
		{136380A0-BD45-4D8A-8F86-CEFF7C29F6E2}.Release|Any CPU.ActiveCfg = Release|Any CPU
		{136380A0-BD45-4D8A-8F86-CEFF7C29F6E2}.Release|Any CPU.Build.0 = Release|Any CPU
		{F6E07892-F05E-45FC-8C70-46434709D268}.Debug|Any CPU.ActiveCfg = Debug|Any CPU
		{F6E07892-F05E-45FC-8C70-46434709D268}.Debug|Any CPU.Build.0 = Debug|Any CPU
		{F6E07892-F05E-45FC-8C70-46434709D268}.Release|Any CPU.ActiveCfg = Release|Any CPU
		{F6E07892-F05E-45FC-8C70-46434709D268}.Release|Any CPU.Build.0 = Release|Any CPU
	EndGlobalSection
	GlobalSection(SolutionProperties) = preSolution
		HideSolutionNode = FALSE
	EndGlobalSection
	GlobalSection(ExtensibilityGlobals) = postSolution
		SolutionGuid = {C16BAC71-E9FD-427D-B2A9-32355AF798A7}
	EndGlobalSection
EndGlobal
